Microsoft Visual Studio Solution File, Format Version 12.00
# Visual Studio Version 17
VisualStudioVersion = 17.14.37502.11 d17.14
MinimumVisualStudioVersion = 10.0.40219.1
Project("{FAE04EC0-301F-11D3-BF4B-00C04F79EFBC}") = "PictureBoxDragSelect", "PictureBoxDragSelect\PictureBoxDragSelect.csproj", "{C8C39C22-8B66-48C6-ACFC-E684523C1D6B}"
EndProject
Global
	GlobalSection(SolutionConfigurationPlatforms) = preSolution
		Debug|Any CPU = Debug|Any CPU
		Release|Any CPU = Release|Any CPU
	EndGlobalSection
	GlobalSection(ProjectConfigurationPlatforms) = postSolution
		{C8C39C22-8B66-48C6-ACFC-E684523C1D6B}.Debug|Any CPU.ActiveCfg = Debug|Any CPU
		{C8C39C22-8B66-48C6-ACFC-E684523C1D6B}.Debug|Any CPU.Build.0 = Debug|Any CPU
		{C8C39C22-8B66-48C6-ACFC-E684523C1D6B}.Release|Any CPU.ActiveCfg = Release|Any CPU
		{C8C39C22-8B66-48C6-ACFC-E684523C1D6B}.Release|Any CPU.Build.0 = Release|Any CPU
	EndGlobalSection
	GlobalSection(SolutionProperties) = preSolution
		HideSolutionNode = FALSE
	EndGlobalSection
	GlobalSection(ExtensibilityGlobals) = postSolution
		SolutionGuid = {E511F37E-FCA4-4B34-8582-2790F25986DF}
	EndGlobalSection
EndGlobal
